{
  "name": "switchtoinstructions",
  "version": "1.0.0",
  "lockfileVersion": 1,
  "requires": true,
  "dependencies": {
    "file-to-array-buffer": {
      "version": "1.0.0",
      "resolved": "https://registry.npmjs.org/file-to-array-buffer/-/file-to-array-buffer-1.0.0.tgz",
      "integrity": "sha512-rcJKsia0uWadVOwR9Ov6r0HLClWs/ZESzayu/wQ+DjRuxw6tD5rv8u7p6LGG3bXMbC+IdWXye/xsY3GnOzj0fA=="
    },
    "kaitai-struct": {
      "version": "0.9.0",
      "resolved": "https://registry.npmjs.org/kaitai-struct/-/kaitai-struct-0.9.0.tgz",
      "integrity": "sha512-mfoBu9+IGqaY3ykG1TyAy9omOAZWtheqESQOvo/HKIQVTz+gRPVCNBnhjbO+8wAQ77RD33wYvLBWmITuXIviQg=="
    }
  }
}
